
Microsoft Visual Studio Solution File, Format Version 12.00
# Visual Studio Version 17
VisualStudioVersion = 17.14.36401.2
MinimumVisualStudioVersion = 10.0.40219.1
Project("{2150E333-8FDC-42A3-9474-1A3956D46DE8}") = "src", "src", "{02EA681E-C7D8-13C7-8484-4AC65E1B71E8}"
EndProject
Project("{2150E333-8FDC-42A3-9474-1A3956D46DE8}") = "tests", "tests", "{F08CC87F-CEF8-4377-B546-6F6C82AD4635}"
EndProject
Project("{2150E333-8FDC-42A3-9474-1A3956D46DE8}") = "solution", "solution", "{69C2CAA0-1BD6-43D8-9D32-652DF04764AD}"
	ProjectSection(SolutionItems) = preProject
		.gitignore = .gitignore
		docker-compose.override.yml = docker-compose.override.yml
		docker-compose.yml = docker-compose.yml
	EndProjectSection
EndProject
Project("{2150E333-8FDC-42A3-9474-1A3956D46DE8}") = "ClienteService", "ClienteService", "{EFB5A98C-D8BB-492C-89B9-2E937EE77EB5}"
EndProject
Project("{2150E333-8FDC-42A3-9474-1A3956D46DE8}") = "PropostaService", "PropostaService", "{552BC735-C435-4A9D-9777-08E304F967AE}"
EndProject
Project("{2150E333-8FDC-42A3-9474-1A3956D46DE8}") = "CartaoService", "CartaoService", "{6288598F-A103-4E26-B5D2-082BCCADD62A}"
EndProject
Project("{FAE04EC0-301F-11D3-BF4B-00C04F79EFBC}") = "ClienteService.Api", "src\ClienteService\ClienteService.Api\ClienteService.Api.csproj", "{5DD9ED9E-8F42-41CC-B020-5271778904FD}"
	ProjectSection(ProjectDependencies) = postProject
		{265E8159-F73F-4B50-9D23-6766575096CE} = {265E8159-F73F-4B50-9D23-6766575096CE}
		{7EF51BD7-7992-48BD-A727-D4E1780735C3} = {7EF51BD7-7992-48BD-A727-D4E1780735C3}
	EndProjectSection
EndProject
Project("{FAE04EC0-301F-11D3-BF4B-00C04F79EFBC}") = "ClienteService.Domain", "src\ClienteService\ClienteService.Domain\ClienteService.Domain.csproj", "{D8C201ED-7F70-44C7-81AE-8C7457923E78}"
EndProject
Project("{FAE04EC0-301F-11D3-BF4B-00C04F79EFBC}") = "ClienteService.Application", "src\ClienteService\ClienteService.Application\ClienteService.Application.csproj", "{7EF51BD7-7992-48BD-A727-D4E1780735C3}"
	ProjectSection(ProjectDependencies) = postProject
		{D8C201ED-7F70-44C7-81AE-8C7457923E78} = {D8C201ED-7F70-44C7-81AE-8C7457923E78}
	EndProjectSection
EndProject
Project("{FAE04EC0-301F-11D3-BF4B-00C04F79EFBC}") = "ClienteService.Infrastructure", "src\ClienteService\ClienteService.Infrastructure\ClienteService.Infrastructure.csproj", "{265E8159-F73F-4B50-9D23-6766575096CE}"
	ProjectSection(ProjectDependencies) = postProject
		{7EF51BD7-7992-48BD-A727-D4E1780735C3} = {7EF51BD7-7992-48BD-A727-D4E1780735C3}
		{D8C201ED-7F70-44C7-81AE-8C7457923E78} = {D8C201ED-7F70-44C7-81AE-8C7457923E78}
	EndProjectSection
EndProject
Project("{FAE04EC0-301F-11D3-BF4B-00C04F79EFBC}") = "PropostaService.Worker", "src\PropostaService\PropostaService.Worker\PropostaService.Worker.csproj", "{FFAF8CDF-58F6-46D1-A012-B325198D9410}"
EndProject
Project("{FAE04EC0-301F-11D3-BF4B-00C04F79EFBC}") = "PropostaService.Domain", "src\PropostaService\PropostaService.Domain\PropostaService.Domain.csproj", "{E6699D2A-A1F4-4966-80F3-1344B86A04FA}"
EndProject
Project("{FAE04EC0-301F-11D3-BF4B-00C04F79EFBC}") = "PropostaService.Application", "src\PropostaService\PropostaService.Application\PropostaService.Application.csproj", "{AC2BB1CF-E050-4A4C-94A4-862F4A4D4165}"
EndProject
Project("{FAE04EC0-301F-11D3-BF4B-00C04F79EFBC}") = "PropostaService.Infrastructure", "src\PropostaService\PropostaService.Infrastructure\PropostaService.Infrastructure.csproj", "{40F58EC6-F570-4C34-94E6-FE345B701FF8}"
EndProject
Project("{FAE04EC0-301F-11D3-BF4B-00C04F79EFBC}") = "CartaoService.Worker", "src\CartaoService\CartaoService.Worker\CartaoService.Worker.csproj", "{ECF42FDD-34D2-4D68-8196-276BCC095049}"
EndProject
Project("{FAE04EC0-301F-11D3-BF4B-00C04F79EFBC}") = "CartaoService.Domain", "src\CartaoService\CartaoService.Domain\CartaoService.Domain.csproj", "{BD9BC3EF-4594-4C9D-B7D5-1D02ED8534E0}"
EndProject
Project("{FAE04EC0-301F-11D3-BF4B-00C04F79EFBC}") = "CartaoService.Application", "src\CartaoService\CartaoService.Application\CartaoService.Application.csproj", "{160863AD-8BAA-42C0-8766-4C12E34507C0}"
EndProject
Project("{FAE04EC0-301F-11D3-BF4B-00C04F79EFBC}") = "CartaoService.Infrastructure", "src\CartaoService\CartaoService.Infrastructure\CartaoService.Infrastructure.csproj", "{95ECF2FD-C2FD-4518-B682-80FB7E64C6A9}"
EndProject
Project("{2150E333-8FDC-42A3-9474-1A3956D46DE8}") = "Shared", "Shared", "{3EF3D33D-A6E3-4CA0-98FC-39526516E594}"
EndProject
Project("{FAE04EC0-301F-11D3-BF4B-00C04F79EFBC}") = "Shared.Integration", "src\Shared\Shared.Integration\Shared.Integration.csproj", "{9B41E2F6-4F85-4828-8718-091AF53F5B88}"
EndProject
Project("{FAE04EC0-301F-11D3-BF4B-00C04F79EFBC}") = "ClienteService", "ClienteService\ClienteService.csproj", "{787DF68D-EB05-468D-A93C-A43B692FA98E}"
EndProject
Project("{FAE04EC0-301F-11D3-BF4B-00C04F79EFBC}") = "PropostaService", "PropostaService\PropostaService.csproj", "{CB14CFFF-582D-456A-8CAB-75CDDA336228}"
EndProject
Project("{FAE04EC0-301F-11D3-BF4B-00C04F79EFBC}") = "CartaoService", "CartaoService\CartaoService.csproj", "{B01AE4F2-52BE-4702-943E-18ED443BB837}"
EndProject
Global
	GlobalSection(SolutionConfigurationPlatforms) = preSolution
		Debug|Any CPU = Debug|Any CPU
		Release|Any CPU = Release|Any CPU
	EndGlobalSection
	GlobalSection(ProjectConfigurationPlatforms) = postSolution
		{5DD9ED9E-8F42-41CC-B020-5271778904FD}.Debug|Any CPU.ActiveCfg = Debug|Any CPU
		{5DD9ED9E-8F42-41CC-B020-5271778904FD}.Debug|Any CPU.Build.0 = Debug|Any CPU
		{5DD9ED9E-8F42-41CC-B020-5271778904FD}.Release|Any CPU.ActiveCfg = Release|Any CPU
		{5DD9ED9E-8F42-41CC-B020-5271778904FD}.Release|Any CPU.Build.0 = Release|Any CPU
		{D8C201ED-7F70-44C7-81AE-8C7457923E78}.Debug|Any CPU.ActiveCfg = Debug|Any CPU
		{D8C201ED-7F70-44C7-81AE-8C7457923E78}.Debug|Any CPU.Build.0 = Debug|Any CPU
		{D8C201ED-7F70-44C7-81AE-8C7457923E78}.Release|Any CPU.ActiveCfg = Release|Any CPU
		{D8C201ED-7F70-44C7-81AE-8C7457923E78}.Release|Any CPU.Build.0 = Release|Any CPU
		{7EF51BD7-7992-48BD-A727-D4E1780735C3}.Debug|Any CPU.ActiveCfg = Debug|Any CPU
		{7EF51BD7-7992-48BD-A727-D4E1780735C3}.Debug|Any CPU.Build.0 = Debug|Any CPU
		{7EF51BD7-7992-48BD-A727-D4E1780735C3}.Release|Any CPU.ActiveCfg = Release|Any CPU
		{7EF51BD7-7992-48BD-A727-D4E1780735C3}.Release|Any CPU.Build.0 = Release|Any CPU
		{265E8159-F73F-4B50-9D23-6766575096CE}.Debug|Any CPU.ActiveCfg = Debug|Any CPU
		{265E8159-F73F-4B50-9D23-6766575096CE}.Debug|Any CPU.Build.0 = Debug|Any CPU
		{265E8159-F73F-4B50-9D23-6766575096CE}.Release|Any CPU.ActiveCfg = Release|Any CPU
		{265E8159-F73F-4B50-9D23-6766575096CE}.Release|Any CPU.Build.0 = Release|Any CPU
		{FFAF8CDF-58F6-46D1-A012-B325198D9410}.Debug|Any CPU.ActiveCfg = Debug|Any CPU
		{FFAF8CDF-58F6-46D1-A012-B325198D9410}.Debug|Any CPU.Build.0 = Debug|Any CPU
		{FFAF8CDF-58F6-46D1-A012-B325198D9410}.Release|Any CPU.ActiveCfg = Release|Any CPU
		{FFAF8CDF-58F6-46D1-A012-B325198D9410}.Release|Any CPU.Build.0 = Release|Any CPU
		{E6699D2A-A1F4-4966-80F3-1344B86A04FA}.Debug|Any CPU.ActiveCfg = Debug|Any CPU
		{E6699D2A-A1F4-4966-80F3-1344B86A04FA}.Debug|Any CPU.Build.0 = Debug|Any CPU
		{E6699D2A-A1F4-4966-80F3-1344B86A04FA}.Release|Any CPU.ActiveCfg = Release|Any CPU
		{E6699D2A-A1F4-4966-80F3-1344B86A04FA}.Release|Any CPU.Build.0 = Release|Any CPU
		{AC2BB1CF-E050-4A4C-94A4-862F4A4D4165}.Debug|Any CPU.ActiveCfg = Debug|Any CPU
		{AC2BB1CF-E050-4A4C-94A4-862F4A4D4165}.Debug|Any CPU.Build.0 = Debug|Any CPU
		{AC2BB1CF-E050-4A4C-94A4-862F4A4D4165}.Release|Any CPU.ActiveCfg = Release|Any CPU
		{AC2BB1CF-E050-4A4C-94A4-862F4A4D4165}.Release|Any CPU.Build.0 = Release|Any CPU
		{40F58EC6-F570-4C34-94E6-FE345B701FF8}.Debug|Any CPU.ActiveCfg = Debug|Any CPU
		{40F58EC6-F570-4C34-94E6-FE345B701FF8}.Debug|Any CPU.Build.0 = Debug|Any CPU
		{40F58EC6-F570-4C34-94E6-FE345B701FF8}.Release|Any CPU.ActiveCfg = Release|Any CPU
		{40F58EC6-F570-4C34-94E6-FE345B701FF8}.Release|Any CPU.Build.0 = Release|Any CPU
		{ECF42FDD-34D2-4D68-8196-276BCC095049}.Debug|Any CPU.ActiveCfg = Debug|Any CPU
		{ECF42FDD-34D2-4D68-8196-276BCC095049}.Debug|Any CPU.Build.0 = Debug|Any CPU
		{ECF42FDD-34D2-4D68-8196-276BCC095049}.Release|Any CPU.ActiveCfg = Release|Any CPU
		{ECF42FDD-34D2-4D68-8196-276BCC095049}.Release|Any CPU.Build.0 = Release|Any CPU
		{BD9BC3EF-4594-4C9D-B7D5-1D02ED8534E0}.Debug|Any CPU.ActiveCfg = Debug|Any CPU
		{BD9BC3EF-4594-4C9D-B7D5-1D02ED8534E0}.Debug|Any CPU.Build.0 = Debug|Any CPU
		{BD9BC3EF-4594-4C9D-B7D5-1D02ED8534E0}.Release|Any CPU.ActiveCfg = Release|Any CPU
		{BD9BC3EF-4594-4C9D-B7D5-1D02ED8534E0}.Release|Any CPU.Build.0 = Release|Any CPU
		{160863AD-8BAA-42C0-8766-4C12E34507C0}.Debug|Any CPU.ActiveCfg = Debug|Any CPU
		{160863AD-8BAA-42C0-8766-4C12E34507C0}.Debug|Any CPU.Build.0 = Debug|Any CPU
		{160863AD-8BAA-42C0-8766-4C12E34507C0}.Release|Any CPU.ActiveCfg = Release|Any CPU
		{160863AD-8BAA-42C0-8766-4C12E34507C0}.Release|Any CPU.Build.0 = Release|Any CPU
		{95ECF2FD-C2FD-4518-B682-80FB7E64C6A9}.Debug|Any CPU.ActiveCfg = Debug|Any CPU
		{95ECF2FD-C2FD-4518-B682-80FB7E64C6A9}.Debug|Any CPU.Build.0 = Debug|Any CPU
		{95ECF2FD-C2FD-4518-B682-80FB7E64C6A9}.Release|Any CPU.ActiveCfg = Release|Any CPU
		{95ECF2FD-C2FD-4518-B682-80FB7E64C6A9}.Release|Any CPU.Build.0 = Release|Any CPU
		{9B41E2F6-4F85-4828-8718-091AF53F5B88}.Debug|Any CPU.ActiveCfg = Debug|Any CPU
		{9B41E2F6-4F85-4828-8718-091AF53F5B88}.Debug|Any CPU.Build.0 = Debug|Any CPU
		{9B41E2F6-4F85-4828-8718-091AF53F5B88}.Release|Any CPU.ActiveCfg = Release|Any CPU
		{9B41E2F6-4F85-4828-8718-091AF53F5B88}.Release|Any CPU.Build.0 = Release|Any CPU
		{787DF68D-EB05-468D-A93C-A43B692FA98E}.Debug|Any CPU.ActiveCfg = Debug|Any CPU
		{787DF68D-EB05-468D-A93C-A43B692FA98E}.Debug|Any CPU.Build.0 = Debug|Any CPU
		{787DF68D-EB05-468D-A93C-A43B692FA98E}.Release|Any CPU.ActiveCfg = Release|Any CPU
		{787DF68D-EB05-468D-A93C-A43B692FA98E}.Release|Any CPU.Build.0 = Release|Any CPU
		{CB14CFFF-582D-456A-8CAB-75CDDA336228}.Debug|Any CPU.ActiveCfg = Debug|Any CPU
		{CB14CFFF-582D-456A-8CAB-75CDDA336228}.Debug|Any CPU.Build.0 = Debug|Any CPU
		{CB14CFFF-582D-456A-8CAB-75CDDA336228}.Release|Any CPU.ActiveCfg = Release|Any CPU
		{CB14CFFF-582D-456A-8CAB-75CDDA336228}.Release|Any CPU.Build.0 = Release|Any CPU
		{B01AE4F2-52BE-4702-943E-18ED443BB837}.Debug|Any CPU.ActiveCfg = Debug|Any CPU
		{B01AE4F2-52BE-4702-943E-18ED443BB837}.Debug|Any CPU.Build.0 = Debug|Any CPU
		{B01AE4F2-52BE-4702-943E-18ED443BB837}.Release|Any CPU.ActiveCfg = Release|Any CPU
		{B01AE4F2-52BE-4702-943E-18ED443BB837}.Release|Any CPU.Build.0 = Release|Any CPU
	EndGlobalSection
	GlobalSection(SolutionProperties) = preSolution
		HideSolutionNode = FALSE
	EndGlobalSection
	GlobalSection(NestedProjects) = preSolution
		{02EA681E-C7D8-13C7-8484-4AC65E1B71E8} = {69C2CAA0-1BD6-43D8-9D32-652DF04764AD}
		{F08CC87F-CEF8-4377-B546-6F6C82AD4635} = {69C2CAA0-1BD6-43D8-9D32-652DF04764AD}
		{EFB5A98C-D8BB-492C-89B9-2E937EE77EB5} = {02EA681E-C7D8-13C7-8484-4AC65E1B71E8}
		{552BC735-C435-4A9D-9777-08E304F967AE} = {02EA681E-C7D8-13C7-8484-4AC65E1B71E8}
		{6288598F-A103-4E26-B5D2-082BCCADD62A} = {02EA681E-C7D8-13C7-8484-4AC65E1B71E8}
		{5DD9ED9E-8F42-41CC-B020-5271778904FD} = {EFB5A98C-D8BB-492C-89B9-2E937EE77EB5}
		{D8C201ED-7F70-44C7-81AE-8C7457923E78} = {EFB5A98C-D8BB-492C-89B9-2E937EE77EB5}
		{7EF51BD7-7992-48BD-A727-D4E1780735C3} = {EFB5A98C-D8BB-492C-89B9-2E937EE77EB5}
		{265E8159-F73F-4B50-9D23-6766575096CE} = {EFB5A98C-D8BB-492C-89B9-2E937EE77EB5}
		{FFAF8CDF-58F6-46D1-A012-B325198D9410} = {552BC735-C435-4A9D-9777-08E304F967AE}
		{E6699D2A-A1F4-4966-80F3-1344B86A04FA} = {552BC735-C435-4A9D-9777-08E304F967AE}
		{AC2BB1CF-E050-4A4C-94A4-862F4A4D4165} = {552BC735-C435-4A9D-9777-08E304F967AE}
		{40F58EC6-F570-4C34-94E6-FE345B701FF8} = {552BC735-C435-4A9D-9777-08E304F967AE}
		{ECF42FDD-34D2-4D68-8196-276BCC095049} = {6288598F-A103-4E26-B5D2-082BCCADD62A}
		{BD9BC3EF-4594-4C9D-B7D5-1D02ED8534E0} = {6288598F-A103-4E26-B5D2-082BCCADD62A}
		{160863AD-8BAA-42C0-8766-4C12E34507C0} = {6288598F-A103-4E26-B5D2-082BCCADD62A}
		{95ECF2FD-C2FD-4518-B682-80FB7E64C6A9} = {6288598F-A103-4E26-B5D2-082BCCADD62A}
		{3EF3D33D-A6E3-4CA0-98FC-39526516E594} = {02EA681E-C7D8-13C7-8484-4AC65E1B71E8}
		{9B41E2F6-4F85-4828-8718-091AF53F5B88} = {3EF3D33D-A6E3-4CA0-98FC-39526516E594}
		{787DF68D-EB05-468D-A93C-A43B692FA98E} = {F08CC87F-CEF8-4377-B546-6F6C82AD4635}
		{CB14CFFF-582D-456A-8CAB-75CDDA336228} = {F08CC87F-CEF8-4377-B546-6F6C82AD4635}
		{B01AE4F2-52BE-4702-943E-18ED443BB837} = {F08CC87F-CEF8-4377-B546-6F6C82AD4635}
	EndGlobalSection
	GlobalSection(ExtensibilityGlobals) = postSolution
		SolutionGuid = {05832D8E-3C66-490C-AABC-3F5108A77491}
	EndGlobalSection
EndGlobal
